
Microsoft Visual Studio Solution File, Format Version 12.00
# Visual Studio Version 17
VisualStudioVersion = 17.3.32929.385
MinimumVisualStudioVersion = 10.0.40219.1
Project("{2150E333-8FDC-42A3-9474-1A3956D46DE8}") = "Finished", "Finished", "{1F7872AA-2F70-42C2-A225-CA28195D8FCC}"
EndProject
Project("{FAE04EC0-301F-11D3-BF4B-00C04F79EFBC}") = "BZ Titanium Ingot", "BZ Titanium Ingot\BZ Titanium Ingot.csproj", "{324475CB-8708-4D3D-8F6B-4ABEE49B784C}"
EndProject
Project("{FAE04EC0-301F-11D3-BF4B-00C04F79EFBC}") = "AchievementUnlocker", "AchievementUnlocker\AchievementUnlocker.csproj", "{4B258EC6-9ABB-41ED-9C47-57B88CBFD63B}"
EndProject
Project("{FAE04EC0-301F-11D3-BF4B-00C04F79EFBC}") = "ModsLoaded", "ModsLoaded\ModsLoaded.csproj", "{97D646E3-6453-4AC8-9FAD-649D67B7C27C}"
EndProject
Project("{FAE04EC0-301F-11D3-BF4B-00C04F79EFBC}") = "SeaglideUpgrades", "SeaglideUpgrades\SeaglideUpgrades.csproj", "{85335DFC-5FBF-47C6-9478-AB294E18E9F9}"
EndProject
Project("{FAE04EC0-301F-11D3-BF4B-00C04F79EFBC}") = "ToiletPaper", "ToiletPaper\ToiletPaper.csproj", "{6D49E246-0798-4BFE-B559-163EFBA90E72}"
EndProject
Project("{FAE04EC0-301F-11D3-BF4B-00C04F79EFBC}") = "LithiumBatteries", "LithiumBattery\LithiumBatteries.csproj", "{5457E537-4948-43F6-B86B-469F11B643B0}"
EndProject
Project("{FAE04EC0-301F-11D3-BF4B-00C04F79EFBC}") = "DecoFabricator", "DecoFabricator\DecoFabricator.csproj", "{A564F82C-17C4-482B-BFDD-9AACEFFB4AA3}"
EndProject
Project("{FAE04EC0-301F-11D3-BF4B-00C04F79EFBC}") = "EarlyIonBattery", "EarlyIonBattery\EarlyIonBattery.csproj", "{0C85FE2D-BE7D-4DDA-BEDC-EFF746421E42}"
EndProject
Project("{FAE04EC0-301F-11D3-BF4B-00C04F79EFBC}") = "FasterScanning", "FasterScanning\FasterScanning.csproj", "{BE9E316F-8A3C-4FFB-B315-5C9B4744BA45}"
EndProject
Project("{FAE04EC0-301F-11D3-BF4B-00C04F79EFBC}") = "OrganisedWorkbench", "OrganisedWorkbench\OrganisedWorkbench.csproj", "{D18350CD-FBC5-4179-BEF3-17BDE7F73C03}"
EndProject
Project("{FAE04EC0-301F-11D3-BF4B-00C04F79EFBC}") = "DeveloperMode", "DeveloperMode\DeveloperMode.csproj", "{0958A95C-A324-4ABD-AB96-FA1A5C722908}"
EndProject
Project("{FAE04EC0-301F-11D3-BF4B-00C04F79EFBC}") = "KioniteBatteries", "KioniteBatteries\KioniteBatteries.csproj", "{A5A7FE45-974B-4AB1-9CE7-6EDB412D5D20}"
EndProject
Project("{FAE04EC0-301F-11D3-BF4B-00C04F79EFBC}") = "WhiteLights", "WhiteLights\WhiteLights.csproj", "{72C41B82-A627-49F0-8CDE-53A8A54DC54D}"
EndProject
Project("{FAE04EC0-301F-11D3-BF4B-00C04F79EFBC}") = "CustomizableLights", "CustomizableLights\CustomizableLights.csproj", "{CFC99845-AF23-43E7-A7ED-98344EF198C6}"
EndProject
Project("{FAE04EC0-301F-11D3-BF4B-00C04F79EFBC}") = "CraftableIonCube", "CraftableIonCube\CraftableIonCube.csproj", "{AAADC6C2-C454-4983-AD00-89695420B651}"
EndProject
Project("{FAE04EC0-301F-11D3-BF4B-00C04F79EFBC}") = "TableCoralMultiplier", "TableCoralMultiplier\TableCoralMultiplier.csproj", "{4C44EC77-01B8-4672-9556-C9B767472550}"
EndProject
Project("{FAE04EC0-301F-11D3-BF4B-00C04F79EFBC}") = "EdibleLeviathans", "EdibleLeviathans\EdibleLeviathans.csproj", "{BECD3805-0ABC-48BA-8825-76632AA0E8F3}"
EndProject
Project("{FAE04EC0-301F-11D3-BF4B-00C04F79EFBC}") = "SeamothSprint", "SeamothSprint\SeamothSprint.csproj", "{67339CF9-50D5-488B-A918-DA15E04DA79F}"
EndProject
Project("{2150E333-8FDC-42A3-9474-1A3956D46DE8}") = "Mods", "Mods", "{728D537A-DAAF-479E-B995-998926969C7E}"
EndProject
Project("{FAE04EC0-301F-11D3-BF4B-00C04F79EFBC}") = "DiscoGravTrap", "DiscoGravTrap\DiscoGravTrap.csproj", "{281A3974-6D05-42AF-9D93-F6C4D8D35C19}"
EndProject
Project("{D954291E-2A0B-460D-934E-DC6B0785DB48}") = "RamuneLib", "RamuneLib\RamuneLib.shproj", "{14A018C6-B7F3-46C7-8DFD-8F57B82724B2}"
EndProject
Project("{FAE04EC0-301F-11D3-BF4B-00C04F79EFBC}") = "MegaO2Tank", "MegaO2Tank\MegaO2Tank.csproj", "{F0008444-EB85-4BC6-95BA-5A2B120D9295}"
EndProject
Project("{FAE04EC0-301F-11D3-BF4B-00C04F79EFBC}") = "EnableAchievements", "EnableAchievements\EnableAchievements.csproj", "{5A2FD591-BC25-4CA4-A045-780E5488FACA}"
EndProject
Project("{FAE04EC0-301F-11D3-BF4B-00C04F79EFBC}") = "OxygenCanisters", "OyxgenCanisters\OxygenCanisters.csproj", "{377E5144-D60D-432C-9F22-EC61DFEFA10A}"
EndProject
Project("{FAE04EC0-301F-11D3-BF4B-00C04F79EFBC}") = "BZ Enameled Glass", "BZ Enameled Glass\BZ Enameled Glass.csproj", "{823762AC-2BC9-4531-96F7-3FB51625822E}"
EndProject
Project("{2150E333-8FDC-42A3-9474-1A3956D46DE8}") = "Seamoth", "Seamoth", "{A0AA4D30-D7BC-449F-BC74-36172EFC4E56}"
EndProject
Project("{FAE04EC0-301F-11D3-BF4B-00C04F79EFBC}") = "SeamothTurboModule", "SeamothTurboModule\SeamothTurboModule.csproj", "{1583E1A3-573A-416B-A858-2CFE172CDFCB}"
EndProject
Project("{FAE04EC0-301F-11D3-BF4B-00C04F79EFBC}") = "SeamothReinforcements", "SeamothReinforcements\SeamothReinforcements.csproj", "{6E3E8FF1-FF5A-4EAA-A346-E8FD7ED8B6A5}"
EndProject
Project("{FAE04EC0-301F-11D3-BF4B-00C04F79EFBC}") = "SeamothRadarModule", "SeamothRadarModule\SeamothRadarModule.csproj", "{A19B61D0-4410-43D6-B449-9B755C4E0359}"
EndProject
Project("{2150E333-8FDC-42A3-9474-1A3956D46DE8}") = "WIP", "WIP", "{BD016F18-7DA6-459D-A991-C43AC4DB0349}"
EndProject
Project("{FAE04EC0-301F-11D3-BF4B-00C04F79EFBC}") = "CL-test", "CL-test\CL-test.csproj", "{5303AA04-5997-4A10-8B41-2C3EECE17DFD}"
EndProject
Project("{FAE04EC0-301F-11D3-BF4B-00C04F79EFBC}") = "HeadlampChip", "HeadlampChip\HeadlampChip.csproj", "{D0ABA19D-0ED7-4AF8-B3BC-904C24537989}"
EndProject
Project("{FAE04EC0-301F-11D3-BF4B-00C04F79EFBC}") = "NoRadiationBlur", "NoRadiationBlur\NoRadiationBlur.csproj", "{E5E350F3-144A-4717-9C39-A9BB6E41078A}"
EndProject
Project("{FAE04EC0-301F-11D3-BF4B-00C04F79EFBC}") = "SolarPanelTweaker", "SolarPanelTweaker\SolarPanelTweaker.csproj", "{EF988945-22C7-4FC6-98FC-4019C122574F}"
EndProject
Global
	GlobalSection(SolutionConfigurationPlatforms) = preSolution
		Debug|Any CPU = Debug|Any CPU
		Release|Any CPU = Release|Any CPU
	EndGlobalSection
	GlobalSection(ProjectConfigurationPlatforms) = postSolution
		{324475CB-8708-4D3D-8F6B-4ABEE49B784C}.Debug|Any CPU.ActiveCfg = Debug|Any CPU
		{324475CB-8708-4D3D-8F6B-4ABEE49B784C}.Debug|Any CPU.Build.0 = Debug|Any CPU
		{324475CB-8708-4D3D-8F6B-4ABEE49B784C}.Release|Any CPU.ActiveCfg = Release|Any CPU
		{324475CB-8708-4D3D-8F6B-4ABEE49B784C}.Release|Any CPU.Build.0 = Release|Any CPU
		{4B258EC6-9ABB-41ED-9C47-57B88CBFD63B}.Debug|Any CPU.ActiveCfg = Debug|Any CPU
		{4B258EC6-9ABB-41ED-9C47-57B88CBFD63B}.Debug|Any CPU.Build.0 = Debug|Any CPU
		{4B258EC6-9ABB-41ED-9C47-57B88CBFD63B}.Release|Any CPU.ActiveCfg = Release|Any CPU
		{4B258EC6-9ABB-41ED-9C47-57B88CBFD63B}.Release|Any CPU.Build.0 = Release|Any CPU
		{97D646E3-6453-4AC8-9FAD-649D67B7C27C}.Debug|Any CPU.ActiveCfg = Debug|Any CPU
		{97D646E3-6453-4AC8-9FAD-649D67B7C27C}.Debug|Any CPU.Build.0 = Debug|Any CPU
		{97D646E3-6453-4AC8-9FAD-649D67B7C27C}.Release|Any CPU.ActiveCfg = Release|Any CPU
		{97D646E3-6453-4AC8-9FAD-649D67B7C27C}.Release|Any CPU.Build.0 = Release|Any CPU
		{85335DFC-5FBF-47C6-9478-AB294E18E9F9}.Debug|Any CPU.ActiveCfg = Debug|Any CPU
		{85335DFC-5FBF-47C6-9478-AB294E18E9F9}.Debug|Any CPU.Build.0 = Debug|Any CPU
		{85335DFC-5FBF-47C6-9478-AB294E18E9F9}.Release|Any CPU.ActiveCfg = Release|Any CPU
		{85335DFC-5FBF-47C6-9478-AB294E18E9F9}.Release|Any CPU.Build.0 = Release|Any CPU
		{6D49E246-0798-4BFE-B559-163EFBA90E72}.Debug|Any CPU.ActiveCfg = Debug|Any CPU
		{6D49E246-0798-4BFE-B559-163EFBA90E72}.Debug|Any CPU.Build.0 = Debug|Any CPU
		{6D49E246-0798-4BFE-B559-163EFBA90E72}.Release|Any CPU.ActiveCfg = Release|Any CPU
		{6D49E246-0798-4BFE-B559-163EFBA90E72}.Release|Any CPU.Build.0 = Release|Any CPU
		{5457E537-4948-43F6-B86B-469F11B643B0}.Debug|Any CPU.ActiveCfg = Debug|Any CPU
		{5457E537-4948-43F6-B86B-469F11B643B0}.Debug|Any CPU.Build.0 = Debug|Any CPU
		{5457E537-4948-43F6-B86B-469F11B643B0}.Release|Any CPU.ActiveCfg = Release|Any CPU
		{5457E537-4948-43F6-B86B-469F11B643B0}.Release|Any CPU.Build.0 = Release|Any CPU
		{A564F82C-17C4-482B-BFDD-9AACEFFB4AA3}.Debug|Any CPU.ActiveCfg = Debug|Any CPU
		{A564F82C-17C4-482B-BFDD-9AACEFFB4AA3}.Debug|Any CPU.Build.0 = Debug|Any CPU
		{A564F82C-17C4-482B-BFDD-9AACEFFB4AA3}.Release|Any CPU.ActiveCfg = Release|Any CPU
		{A564F82C-17C4-482B-BFDD-9AACEFFB4AA3}.Release|Any CPU.Build.0 = Release|Any CPU
		{0C85FE2D-BE7D-4DDA-BEDC-EFF746421E42}.Debug|Any CPU.ActiveCfg = Debug|Any CPU
		{0C85FE2D-BE7D-4DDA-BEDC-EFF746421E42}.Debug|Any CPU.Build.0 = Debug|Any CPU
		{0C85FE2D-BE7D-4DDA-BEDC-EFF746421E42}.Release|Any CPU.ActiveCfg = Release|Any CPU
		{0C85FE2D-BE7D-4DDA-BEDC-EFF746421E42}.Release|Any CPU.Build.0 = Release|Any CPU
		{BE9E316F-8A3C-4FFB-B315-5C9B4744BA45}.Debug|Any CPU.ActiveCfg = Debug|Any CPU
		{BE9E316F-8A3C-4FFB-B315-5C9B4744BA45}.Debug|Any CPU.Build.0 = Debug|Any CPU
		{BE9E316F-8A3C-4FFB-B315-5C9B4744BA45}.Release|Any CPU.ActiveCfg = Release|Any CPU
		{BE9E316F-8A3C-4FFB-B315-5C9B4744BA45}.Release|Any CPU.Build.0 = Release|Any CPU
		{D18350CD-FBC5-4179-BEF3-17BDE7F73C03}.Debug|Any CPU.ActiveCfg = Debug|Any CPU
		{D18350CD-FBC5-4179-BEF3-17BDE7F73C03}.Debug|Any CPU.Build.0 = Debug|Any CPU
		{D18350CD-FBC5-4179-BEF3-17BDE7F73C03}.Release|Any CPU.ActiveCfg = Release|Any CPU
		{D18350CD-FBC5-4179-BEF3-17BDE7F73C03}.Release|Any CPU.Build.0 = Release|Any CPU
		{0958A95C-A324-4ABD-AB96-FA1A5C722908}.Debug|Any CPU.ActiveCfg = Debug|Any CPU
		{0958A95C-A324-4ABD-AB96-FA1A5C722908}.Debug|Any CPU.Build.0 = Debug|Any CPU
		{0958A95C-A324-4ABD-AB96-FA1A5C722908}.Release|Any CPU.ActiveCfg = Release|Any CPU
		{0958A95C-A324-4ABD-AB96-FA1A5C722908}.Release|Any CPU.Build.0 = Release|Any CPU
		{A5A7FE45-974B-4AB1-9CE7-6EDB412D5D20}.Debug|Any CPU.ActiveCfg = Debug|Any CPU
		{A5A7FE45-974B-4AB1-9CE7-6EDB412D5D20}.Debug|Any CPU.Build.0 = Debug|Any CPU
		{A5A7FE45-974B-4AB1-9CE7-6EDB412D5D20}.Release|Any CPU.ActiveCfg = Release|Any CPU
		{A5A7FE45-974B-4AB1-9CE7-6EDB412D5D20}.Release|Any CPU.Build.0 = Release|Any CPU
		{72C41B82-A627-49F0-8CDE-53A8A54DC54D}.Debug|Any CPU.ActiveCfg = Debug|Any CPU
		{72C41B82-A627-49F0-8CDE-53A8A54DC54D}.Debug|Any CPU.Build.0 = Debug|Any CPU
		{72C41B82-A627-49F0-8CDE-53A8A54DC54D}.Release|Any CPU.ActiveCfg = Release|Any CPU
		{72C41B82-A627-49F0-8CDE-53A8A54DC54D}.Release|Any CPU.Build.0 = Release|Any CPU
		{CFC99845-AF23-43E7-A7ED-98344EF198C6}.Debug|Any CPU.ActiveCfg = Debug|Any CPU
		{CFC99845-AF23-43E7-A7ED-98344EF198C6}.Debug|Any CPU.Build.0 = Debug|Any CPU
		{CFC99845-AF23-43E7-A7ED-98344EF198C6}.Release|Any CPU.ActiveCfg = Release|Any CPU
		{CFC99845-AF23-43E7-A7ED-98344EF198C6}.Release|Any CPU.Build.0 = Release|Any CPU
		{AAADC6C2-C454-4983-AD00-89695420B651}.Debug|Any CPU.ActiveCfg = Debug|Any CPU
		{AAADC6C2-C454-4983-AD00-89695420B651}.Debug|Any CPU.Build.0 = Debug|Any CPU
		{AAADC6C2-C454-4983-AD00-89695420B651}.Release|Any CPU.ActiveCfg = Release|Any CPU
		{AAADC6C2-C454-4983-AD00-89695420B651}.Release|Any CPU.Build.0 = Release|Any CPU
		{4C44EC77-01B8-4672-9556-C9B767472550}.Debug|Any CPU.ActiveCfg = Debug|Any CPU
		{4C44EC77-01B8-4672-9556-C9B767472550}.Debug|Any CPU.Build.0 = Debug|Any CPU
		{4C44EC77-01B8-4672-9556-C9B767472550}.Release|Any CPU.ActiveCfg = Release|Any CPU
		{4C44EC77-01B8-4672-9556-C9B767472550}.Release|Any CPU.Build.0 = Release|Any CPU
		{BECD3805-0ABC-48BA-8825-76632AA0E8F3}.Debug|Any CPU.ActiveCfg = Debug|Any CPU
		{BECD3805-0ABC-48BA-8825-76632AA0E8F3}.Debug|Any CPU.Build.0 = Debug|Any CPU
		{BECD3805-0ABC-48BA-8825-76632AA0E8F3}.Release|Any CPU.ActiveCfg = Release|Any CPU
		{BECD3805-0ABC-48BA-8825-76632AA0E8F3}.Release|Any CPU.Build.0 = Release|Any CPU
		{67339CF9-50D5-488B-A918-DA15E04DA79F}.Debug|Any CPU.ActiveCfg = Debug|Any CPU
		{67339CF9-50D5-488B-A918-DA15E04DA79F}.Debug|Any CPU.Build.0 = Debug|Any CPU
		{67339CF9-50D5-488B-A918-DA15E04DA79F}.Release|Any CPU.ActiveCfg = Release|Any CPU
		{67339CF9-50D5-488B-A918-DA15E04DA79F}.Release|Any CPU.Build.0 = Release|Any CPU
		{281A3974-6D05-42AF-9D93-F6C4D8D35C19}.Debug|Any CPU.ActiveCfg = Debug|Any CPU
		{281A3974-6D05-42AF-9D93-F6C4D8D35C19}.Debug|Any CPU.Build.0 = Debug|Any CPU
		{281A3974-6D05-42AF-9D93-F6C4D8D35C19}.Release|Any CPU.ActiveCfg = Release|Any CPU
		{281A3974-6D05-42AF-9D93-F6C4D8D35C19}.Release|Any CPU.Build.0 = Release|Any CPU
		{F0008444-EB85-4BC6-95BA-5A2B120D9295}.Debug|Any CPU.ActiveCfg = Debug|Any CPU
		{F0008444-EB85-4BC6-95BA-5A2B120D9295}.Debug|Any CPU.Build.0 = Debug|Any CPU
		{F0008444-EB85-4BC6-95BA-5A2B120D9295}.Release|Any CPU.ActiveCfg = Release|Any CPU
		{F0008444-EB85-4BC6-95BA-5A2B120D9295}.Release|Any CPU.Build.0 = Release|Any CPU
		{5A2FD591-BC25-4CA4-A045-780E5488FACA}.Debug|Any CPU.ActiveCfg = Debug|Any CPU
		{5A2FD591-BC25-4CA4-A045-780E5488FACA}.Debug|Any CPU.Build.0 = Debug|Any CPU
		{5A2FD591-BC25-4CA4-A045-780E5488FACA}.Release|Any CPU.ActiveCfg = Release|Any CPU
		{5A2FD591-BC25-4CA4-A045-780E5488FACA}.Release|Any CPU.Build.0 = Release|Any CPU
		{377E5144-D60D-432C-9F22-EC61DFEFA10A}.Debug|Any CPU.ActiveCfg = Debug|Any CPU
		{377E5144-D60D-432C-9F22-EC61DFEFA10A}.Debug|Any CPU.Build.0 = Debug|Any CPU
		{377E5144-D60D-432C-9F22-EC61DFEFA10A}.Release|Any CPU.ActiveCfg = Release|Any CPU
		{377E5144-D60D-432C-9F22-EC61DFEFA10A}.Release|Any CPU.Build.0 = Release|Any CPU
		{823762AC-2BC9-4531-96F7-3FB51625822E}.Debug|Any CPU.ActiveCfg = Debug|Any CPU
		{823762AC-2BC9-4531-96F7-3FB51625822E}.Debug|Any CPU.Build.0 = Debug|Any CPU
		{823762AC-2BC9-4531-96F7-3FB51625822E}.Release|Any CPU.ActiveCfg = Release|Any CPU
		{823762AC-2BC9-4531-96F7-3FB51625822E}.Release|Any CPU.Build.0 = Release|Any CPU
		{1583E1A3-573A-416B-A858-2CFE172CDFCB}.Debug|Any CPU.ActiveCfg = Debug|Any CPU
		{1583E1A3-573A-416B-A858-2CFE172CDFCB}.Debug|Any CPU.Build.0 = Debug|Any CPU
		{1583E1A3-573A-416B-A858-2CFE172CDFCB}.Release|Any CPU.ActiveCfg = Release|Any CPU
		{1583E1A3-573A-416B-A858-2CFE172CDFCB}.Release|Any CPU.Build.0 = Release|Any CPU
		{6E3E8FF1-FF5A-4EAA-A346-E8FD7ED8B6A5}.Debug|Any CPU.ActiveCfg = Debug|Any CPU
		{6E3E8FF1-FF5A-4EAA-A346-E8FD7ED8B6A5}.Debug|Any CPU.Build.0 = Debug|Any CPU
		{6E3E8FF1-FF5A-4EAA-A346-E8FD7ED8B6A5}.Release|Any CPU.ActiveCfg = Release|Any CPU
		{6E3E8FF1-FF5A-4EAA-A346-E8FD7ED8B6A5}.Release|Any CPU.Build.0 = Release|Any CPU
		{A19B61D0-4410-43D6-B449-9B755C4E0359}.Debug|Any CPU.ActiveCfg = Debug|Any CPU
		{A19B61D0-4410-43D6-B449-9B755C4E0359}.Debug|Any CPU.Build.0 = Debug|Any CPU
		{A19B61D0-4410-43D6-B449-9B755C4E0359}.Release|Any CPU.ActiveCfg = Release|Any CPU
		{A19B61D0-4410-43D6-B449-9B755C4E0359}.Release|Any CPU.Build.0 = Release|Any CPU
		{5303AA04-5997-4A10-8B41-2C3EECE17DFD}.Debug|Any CPU.ActiveCfg = Debug|Any CPU
		{5303AA04-5997-4A10-8B41-2C3EECE17DFD}.Debug|Any CPU.Build.0 = Debug|Any CPU
		{5303AA04-5997-4A10-8B41-2C3EECE17DFD}.Release|Any CPU.ActiveCfg = Release|Any CPU
		{5303AA04-5997-4A10-8B41-2C3EECE17DFD}.Release|Any CPU.Build.0 = Release|Any CPU
		{D0ABA19D-0ED7-4AF8-B3BC-904C24537989}.Debug|Any CPU.ActiveCfg = Debug|Any CPU
		{D0ABA19D-0ED7-4AF8-B3BC-904C24537989}.Debug|Any CPU.Build.0 = Debug|Any CPU
		{D0ABA19D-0ED7-4AF8-B3BC-904C24537989}.Release|Any CPU.ActiveCfg = Release|Any CPU
		{D0ABA19D-0ED7-4AF8-B3BC-904C24537989}.Release|Any CPU.Build.0 = Release|Any CPU
		{E5E350F3-144A-4717-9C39-A9BB6E41078A}.Debug|Any CPU.ActiveCfg = Debug|Any CPU
		{E5E350F3-144A-4717-9C39-A9BB6E41078A}.Debug|Any CPU.Build.0 = Debug|Any CPU
		{E5E350F3-144A-4717-9C39-A9BB6E41078A}.Release|Any CPU.ActiveCfg = Release|Any CPU
		{E5E350F3-144A-4717-9C39-A9BB6E41078A}.Release|Any CPU.Build.0 = Release|Any CPU
		{EF988945-22C7-4FC6-98FC-4019C122574F}.Debug|Any CPU.ActiveCfg = Debug|Any CPU
		{EF988945-22C7-4FC6-98FC-4019C122574F}.Debug|Any CPU.Build.0 = Debug|Any CPU
		{EF988945-22C7-4FC6-98FC-4019C122574F}.Release|Any CPU.ActiveCfg = Release|Any CPU
		{EF988945-22C7-4FC6-98FC-4019C122574F}.Release|Any CPU.Build.0 = Release|Any CPU
	EndGlobalSection
	GlobalSection(SolutionProperties) = preSolution
		HideSolutionNode = FALSE
	EndGlobalSection
	GlobalSection(NestedProjects) = preSolution
		{1F7872AA-2F70-42C2-A225-CA28195D8FCC} = {728D537A-DAAF-479E-B995-998926969C7E}
		{324475CB-8708-4D3D-8F6B-4ABEE49B784C} = {1F7872AA-2F70-42C2-A225-CA28195D8FCC}
		{4B258EC6-9ABB-41ED-9C47-57B88CBFD63B} = {1F7872AA-2F70-42C2-A225-CA28195D8FCC}
		{97D646E3-6453-4AC8-9FAD-649D67B7C27C} = {1F7872AA-2F70-42C2-A225-CA28195D8FCC}
		{85335DFC-5FBF-47C6-9478-AB294E18E9F9} = {1F7872AA-2F70-42C2-A225-CA28195D8FCC}
		{6D49E246-0798-4BFE-B559-163EFBA90E72} = {1F7872AA-2F70-42C2-A225-CA28195D8FCC}
		{5457E537-4948-43F6-B86B-469F11B643B0} = {1F7872AA-2F70-42C2-A225-CA28195D8FCC}
		{A564F82C-17C4-482B-BFDD-9AACEFFB4AA3} = {1F7872AA-2F70-42C2-A225-CA28195D8FCC}
		{0C85FE2D-BE7D-4DDA-BEDC-EFF746421E42} = {1F7872AA-2F70-42C2-A225-CA28195D8FCC}
		{BE9E316F-8A3C-4FFB-B315-5C9B4744BA45} = {1F7872AA-2F70-42C2-A225-CA28195D8FCC}
		{D18350CD-FBC5-4179-BEF3-17BDE7F73C03} = {1F7872AA-2F70-42C2-A225-CA28195D8FCC}
		{0958A95C-A324-4ABD-AB96-FA1A5C722908} = {1F7872AA-2F70-42C2-A225-CA28195D8FCC}
		{A5A7FE45-974B-4AB1-9CE7-6EDB412D5D20} = {1F7872AA-2F70-42C2-A225-CA28195D8FCC}
		{72C41B82-A627-49F0-8CDE-53A8A54DC54D} = {1F7872AA-2F70-42C2-A225-CA28195D8FCC}
		{CFC99845-AF23-43E7-A7ED-98344EF198C6} = {BD016F18-7DA6-459D-A991-C43AC4DB0349}
		{AAADC6C2-C454-4983-AD00-89695420B651} = {1F7872AA-2F70-42C2-A225-CA28195D8FCC}
		{4C44EC77-01B8-4672-9556-C9B767472550} = {1F7872AA-2F70-42C2-A225-CA28195D8FCC}
		{BECD3805-0ABC-48BA-8825-76632AA0E8F3} = {BD016F18-7DA6-459D-A991-C43AC4DB0349}
		{67339CF9-50D5-488B-A918-DA15E04DA79F} = {1F7872AA-2F70-42C2-A225-CA28195D8FCC}
		{281A3974-6D05-42AF-9D93-F6C4D8D35C19} = {BD016F18-7DA6-459D-A991-C43AC4DB0349}
		{14A018C6-B7F3-46C7-8DFD-8F57B82724B2} = {728D537A-DAAF-479E-B995-998926969C7E}
		{F0008444-EB85-4BC6-95BA-5A2B120D9295} = {1F7872AA-2F70-42C2-A225-CA28195D8FCC}
		{5A2FD591-BC25-4CA4-A045-780E5488FACA} = {1F7872AA-2F70-42C2-A225-CA28195D8FCC}
		{377E5144-D60D-432C-9F22-EC61DFEFA10A} = {1F7872AA-2F70-42C2-A225-CA28195D8FCC}
		{823762AC-2BC9-4531-96F7-3FB51625822E} = {1F7872AA-2F70-42C2-A225-CA28195D8FCC}
		{A0AA4D30-D7BC-449F-BC74-36172EFC4E56} = {728D537A-DAAF-479E-B995-998926969C7E}
		{1583E1A3-573A-416B-A858-2CFE172CDFCB} = {A0AA4D30-D7BC-449F-BC74-36172EFC4E56}
		{6E3E8FF1-FF5A-4EAA-A346-E8FD7ED8B6A5} = {A0AA4D30-D7BC-449F-BC74-36172EFC4E56}
		{A19B61D0-4410-43D6-B449-9B755C4E0359} = {A0AA4D30-D7BC-449F-BC74-36172EFC4E56}
		{BD016F18-7DA6-459D-A991-C43AC4DB0349} = {728D537A-DAAF-479E-B995-998926969C7E}
		{5303AA04-5997-4A10-8B41-2C3EECE17DFD} = {BD016F18-7DA6-459D-A991-C43AC4DB0349}
		{D0ABA19D-0ED7-4AF8-B3BC-904C24537989} = {BD016F18-7DA6-459D-A991-C43AC4DB0349}
		{E5E350F3-144A-4717-9C39-A9BB6E41078A} = {1F7872AA-2F70-42C2-A225-CA28195D8FCC}
		{EF988945-22C7-4FC6-98FC-4019C122574F} = {BD016F18-7DA6-459D-A991-C43AC4DB0349}
	EndGlobalSection
	GlobalSection(ExtensibilityGlobals) = postSolution
		SolutionGuid = {2CF71EBE-5E2A-4BDB-A38B-9C2C7821AFB4}
	EndGlobalSection
	GlobalSection(SharedMSBuildProjectFiles) = preSolution
		RamuneLib\SharedProject.projitems*{0958a95c-a324-4abd-ab96-fa1a5c722908}*SharedItemsImports = 4
		RamuneLib\SharedProject.projitems*{0c85fe2d-be7d-4dda-bedc-eff746421e42}*SharedItemsImports = 4
		RamuneLib\SharedProject.projitems*{14a018c6-b7f3-46c7-8dfd-8f57b82724b2}*SharedItemsImports = 13
		RamuneLib\SharedProject.projitems*{1583e1a3-573a-416b-a858-2cfe172cdfcb}*SharedItemsImports = 4
		RamuneLib\SharedProject.projitems*{281a3974-6d05-42af-9d93-f6c4d8d35c19}*SharedItemsImports = 4
		RamuneLib\SharedProject.projitems*{324475cb-8708-4d3d-8f6b-4abee49b784c}*SharedItemsImports = 4
		RamuneLib\SharedProject.projitems*{377e5144-d60d-432c-9f22-ec61dfefa10a}*SharedItemsImports = 4
		RamuneLib\SharedProject.projitems*{4b258ec6-9abb-41ed-9c47-57b88cbfd63b}*SharedItemsImports = 4
		RamuneLib\SharedProject.projitems*{4c44ec77-01b8-4672-9556-c9b767472550}*SharedItemsImports = 4
		RamuneLib\SharedProject.projitems*{5303aa04-5997-4a10-8b41-2c3eece17dfd}*SharedItemsImports = 4
		RamuneLib\SharedProject.projitems*{5457e537-4948-43f6-b86b-469f11b643b0}*SharedItemsImports = 4
		RamuneLib\SharedProject.projitems*{5a2fd591-bc25-4ca4-a045-780e5488faca}*SharedItemsImports = 4
		RamuneLib\SharedProject.projitems*{67339cf9-50d5-488b-a918-da15e04da79f}*SharedItemsImports = 4
		RamuneLib\SharedProject.projitems*{6d49e246-0798-4bfe-b559-163efba90e72}*SharedItemsImports = 4
		RamuneLib\SharedProject.projitems*{6e3e8ff1-ff5a-4eaa-a346-e8fd7ed8b6a5}*SharedItemsImports = 4
		RamuneLib\SharedProject.projitems*{72c41b82-a627-49f0-8cde-53a8a54dc54d}*SharedItemsImports = 4
		RamuneLib\SharedProject.projitems*{823762ac-2bc9-4531-96f7-3fb51625822e}*SharedItemsImports = 4
		RamuneLib\SharedProject.projitems*{85335dfc-5fbf-47c6-9478-ab294e18e9f9}*SharedItemsImports = 4
		RamuneLib\SharedProject.projitems*{97d646e3-6453-4ac8-9fad-649d67b7c27c}*SharedItemsImports = 4
		RamuneLib\SharedProject.projitems*{a19b61d0-4410-43d6-b449-9b755c4e0359}*SharedItemsImports = 4
		RamuneLib\SharedProject.projitems*{a564f82c-17c4-482b-bfdd-9aaceffb4aa3}*SharedItemsImports = 4
		RamuneLib\SharedProject.projitems*{a5a7fe45-974b-4ab1-9ce7-6edb412d5d20}*SharedItemsImports = 4
		RamuneLib\SharedProject.projitems*{aaadc6c2-c454-4983-ad00-89695420b651}*SharedItemsImports = 4
		RamuneLib\SharedProject.projitems*{be9e316f-8a3c-4ffb-b315-5c9b4744ba45}*SharedItemsImports = 4
		RamuneLib\SharedProject.projitems*{becd3805-0abc-48ba-8825-76632aa0e8f3}*SharedItemsImports = 4
		RamuneLib\SharedProject.projitems*{cfc99845-af23-43e7-a7ed-98344ef198c6}*SharedItemsImports = 4
		RamuneLib\SharedProject.projitems*{d0aba19d-0ed7-4af8-b3bc-904c24537989}*SharedItemsImports = 4
		RamuneLib\SharedProject.projitems*{d18350cd-fbc5-4179-bef3-17bde7f73c03}*SharedItemsImports = 4
		RamuneLib\SharedProject.projitems*{e5e350f3-144a-4717-9c39-a9bb6e41078a}*SharedItemsImports = 4
		RamuneLib\SharedProject.projitems*{ef988945-22c7-4fc6-98fc-4019c122574f}*SharedItemsImports = 4
		RamuneLib\SharedProject.projitems*{f0008444-eb85-4bc6-95ba-5a2b120d9295}*SharedItemsImports = 4
	EndGlobalSection
EndGlobal
